
Microsoft Visual Studio Solution File, Format Version 12.00
# Visual Studio Version 16
VisualStudioVersion = 16.0.30717.126
MinimumVisualStudioVersion = 15.0.26124.0
Project("{2150E333-8FDC-42A3-9474-1A3956D46DE8}") = "src", "src", "{9296F906-8E95-4757-BB2D-296E7A20EB1E}"
EndProject
Project("{9A19103F-16F7-4668-BE54-9A1E7A4F7556}") = "FaceRecognitionDotNet.Server", "src\FaceRecognitionDotNet.Server\FaceRecognitionDotNet.Server.csproj", "{6506CD2F-2F75-491F-A19B-7B164B427421}"
EndProject
Project("{2150E333-8FDC-42A3-9474-1A3956D46DE8}") = "examples", "examples", "{6F582285-EC9A-4647-AD76-5DD415582F04}"
EndProject
Project("{9A19103F-16F7-4668-BE54-9A1E7A4F7556}") = "FaceDetection", "examples\FaceDetection\FaceDetection.csproj", "{4ED177CE-E1B6-410E-844E-38B562ECE65A}"
EndProject
Project("{9A19103F-16F7-4668-BE54-9A1E7A4F7556}") = "FaceRecognitionDotNet.Client", "examples\FaceRecognitionDotNet.Client\src\FaceRecognitionDotNet.Client\FaceRecognitionDotNet.Client.csproj", "{55AAA62B-BBAE-4CF1-9AB3-70AE26CFC8F2}"
EndProject
Project("{9A19103F-16F7-4668-BE54-9A1E7A4F7556}") = "FaceEncoding", "examples\FaceEncoding\FaceEncoding.csproj", "{E6904D6F-38A9-424F-83B1-4A054B04FB2C}"
EndProject
Global
	GlobalSection(SolutionConfigurationPlatforms) = preSolution
		Debug|Any CPU = Debug|Any CPU
		Debug|x64 = Debug|x64
		Debug|x86 = Debug|x86
		Release|Any CPU = Release|Any CPU
		Release|x64 = Release|x64
		Release|x86 = Release|x86
	EndGlobalSection
	GlobalSection(ProjectConfigurationPlatforms) = postSolution
		{6506CD2F-2F75-491F-A19B-7B164B427421}.Debug|Any CPU.ActiveCfg = Debug|x64
		{6506CD2F-2F75-491F-A19B-7B164B427421}.Debug|Any CPU.Build.0 = Debug|x64
		{6506CD2F-2F75-491F-A19B-7B164B427421}.Debug|x64.ActiveCfg = Debug|x64
		{6506CD2F-2F75-491F-A19B-7B164B427421}.Debug|x64.Build.0 = Debug|x64
		{6506CD2F-2F75-491F-A19B-7B164B427421}.Debug|x86.ActiveCfg = Debug|x86
		{6506CD2F-2F75-491F-A19B-7B164B427421}.Debug|x86.Build.0 = Debug|x86
		{6506CD2F-2F75-491F-A19B-7B164B427421}.Release|Any CPU.ActiveCfg = Release|Any CPU
		{6506CD2F-2F75-491F-A19B-7B164B427421}.Release|Any CPU.Build.0 = Release|Any CPU
		{6506CD2F-2F75-491F-A19B-7B164B427421}.Release|x64.ActiveCfg = Release|x64
		{6506CD2F-2F75-491F-A19B-7B164B427421}.Release|x64.Build.0 = Release|x64
		{6506CD2F-2F75-491F-A19B-7B164B427421}.Release|x86.ActiveCfg = Release|x86
		{6506CD2F-2F75-491F-A19B-7B164B427421}.Release|x86.Build.0 = Release|x86
		{4ED177CE-E1B6-410E-844E-38B562ECE65A}.Debug|Any CPU.ActiveCfg = Debug|Any CPU
		{4ED177CE-E1B6-410E-844E-38B562ECE65A}.Debug|Any CPU.Build.0 = Debug|Any CPU
		{4ED177CE-E1B6-410E-844E-38B562ECE65A}.Debug|x64.ActiveCfg = Debug|Any CPU
		{4ED177CE-E1B6-410E-844E-38B562ECE65A}.Debug|x64.Build.0 = Debug|Any CPU
		{4ED177CE-E1B6-410E-844E-38B562ECE65A}.Debug|x86.ActiveCfg = Debug|Any CPU
		{4ED177CE-E1B6-410E-844E-38B562ECE65A}.Debug|x86.Build.0 = Debug|Any CPU
		{4ED177CE-E1B6-410E-844E-38B562ECE65A}.Release|Any CPU.ActiveCfg = Release|Any CPU
		{4ED177CE-E1B6-410E-844E-38B562ECE65A}.Release|Any CPU.Build.0 = Release|Any CPU
		{4ED177CE-E1B6-410E-844E-38B562ECE65A}.Release|x64.ActiveCfg = Release|Any CPU
		{4ED177CE-E1B6-410E-844E-38B562ECE65A}.Release|x64.Build.0 = Release|Any CPU
		{4ED177CE-E1B6-410E-844E-38B562ECE65A}.Release|x86.ActiveCfg = Release|Any CPU
		{4ED177CE-E1B6-410E-844E-38B562ECE65A}.Release|x86.Build.0 = Release|Any CPU
		{55AAA62B-BBAE-4CF1-9AB3-70AE26CFC8F2}.Debug|Any CPU.ActiveCfg = Debug|Any CPU
		{55AAA62B-BBAE-4CF1-9AB3-70AE26CFC8F2}.Debug|Any CPU.Build.0 = Debug|Any CPU
		{55AAA62B-BBAE-4CF1-9AB3-70AE26CFC8F2}.Debug|x64.ActiveCfg = Debug|Any CPU
		{55AAA62B-BBAE-4CF1-9AB3-70AE26CFC8F2}.Debug|x64.Build.0 = Debug|Any CPU
		{55AAA62B-BBAE-4CF1-9AB3-70AE26CFC8F2}.Debug|x86.ActiveCfg = Debug|Any CPU
		{55AAA62B-BBAE-4CF1-9AB3-70AE26CFC8F2}.Debug|x86.Build.0 = Debug|Any CPU
		{55AAA62B-BBAE-4CF1-9AB3-70AE26CFC8F2}.Release|Any CPU.ActiveCfg = Release|Any CPU
		{55AAA62B-BBAE-4CF1-9AB3-70AE26CFC8F2}.Release|Any CPU.Build.0 = Release|Any CPU
		{55AAA62B-BBAE-4CF1-9AB3-70AE26CFC8F2}.Release|x64.ActiveCfg = Release|Any CPU
		{55AAA62B-BBAE-4CF1-9AB3-70AE26CFC8F2}.Release|x64.Build.0 = Release|Any CPU
		{55AAA62B-BBAE-4CF1-9AB3-70AE26CFC8F2}.Release|x86.ActiveCfg = Release|Any CPU
		{55AAA62B-BBAE-4CF1-9AB3-70AE26CFC8F2}.Release|x86.Build.0 = Release|Any CPU
		{E6904D6F-38A9-424F-83B1-4A054B04FB2C}.Debug|Any CPU.ActiveCfg = Debug|Any CPU
		{E6904D6F-38A9-424F-83B1-4A054B04FB2C}.Debug|Any CPU.Build.0 = Debug|Any CPU
		{E6904D6F-38A9-424F-83B1-4A054B04FB2C}.Debug|x64.ActiveCfg = Debug|Any CPU
		{E6904D6F-38A9-424F-83B1-4A054B04FB2C}.Debug|x64.Build.0 = Debug|Any CPU
		{E6904D6F-38A9-424F-83B1-4A054B04FB2C}.Debug|x86.ActiveCfg = Debug|Any CPU
		{E6904D6F-38A9-424F-83B1-4A054B04FB2C}.Debug|x86.Build.0 = Debug|Any CPU
		{E6904D6F-38A9-424F-83B1-4A054B04FB2C}.Release|Any CPU.ActiveCfg = Release|Any CPU
		{E6904D6F-38A9-424F-83B1-4A054B04FB2C}.Release|Any CPU.Build.0 = Release|Any CPU
		{E6904D6F-38A9-424F-83B1-4A054B04FB2C}.Release|x64.ActiveCfg = Release|Any CPU
		{E6904D6F-38A9-424F-83B1-4A054B04FB2C}.Release|x64.Build.0 = Release|Any CPU
		{E6904D6F-38A9-424F-83B1-4A054B04FB2C}.Release|x86.ActiveCfg = Release|Any CPU
		{E6904D6F-38A9-424F-83B1-4A054B04FB2C}.Release|x86.Build.0 = Release|Any CPU
	EndGlobalSection
	GlobalSection(SolutionProperties) = preSolution
		HideSolutionNode = FALSE
	EndGlobalSection
	GlobalSection(NestedProjects) = preSolution
		{6506CD2F-2F75-491F-A19B-7B164B427421} = {9296F906-8E95-4757-BB2D-296E7A20EB1E}
		{4ED177CE-E1B6-410E-844E-38B562ECE65A} = {6F582285-EC9A-4647-AD76-5DD415582F04}
		{55AAA62B-BBAE-4CF1-9AB3-70AE26CFC8F2} = {6F582285-EC9A-4647-AD76-5DD415582F04}
		{E6904D6F-38A9-424F-83B1-4A054B04FB2C} = {6F582285-EC9A-4647-AD76-5DD415582F04}
	EndGlobalSection
	GlobalSection(ExtensibilityGlobals) = postSolution
		SolutionGuid = {699A5D03-675C-4E62-AE60-AD5814FE2AEA}
	EndGlobalSection
EndGlobal
